// !$*UTF8*$!
{
	archiveVersion = 1;
	classes = {
	};
	objectVersion = 51;
	objects = {

/* Begin PBXBuildFile section */
		08CB3BD58F3DA60ED4B54D63 /* Pods_DogBreedsApp.framework in Frameworks */ = {isa = PBXBuildFile; fileRef = CF3836C36C7CCEA866730371 /* Pods_DogBreedsApp.framework */; };
		49FDB75E26DE78D600CA2C44 /* AppDelegate.swift in Sources */ = {isa = PBXBuildFile; fileRef = 49FDB75D26DE78D600CA2C44 /* AppDelegate.swift */; };
		49FDB76026DE78D600CA2C44 /* SceneDelegate.swift in Sources */ = {isa = PBXBuildFile; fileRef = 49FDB75F26DE78D600CA2C44 /* SceneDelegate.swift */; };
		49FDB76726DE78D700CA2C44 /* Assets.xcassets in Resources */ = {isa = PBXBuildFile; fileRef = 49FDB76626DE78D700CA2C44 /* Assets.xcassets */; };
		49FDB76A26DE78D700CA2C44 /* LaunchScreen.storyboard in Resources */ = {isa = PBXBuildFile; fileRef = 49FDB76826DE78D700CA2C44 /* LaunchScreen.storyboard */; };
/* End PBXBuildFile section */

/* Begin PBXFileReference section */
		49FDB75A26DE78D600CA2C44 /* DogBreedsApp.app */ = {isa = PBXFileReference; explicitFileType = wrapper.application; includeInIndex = 0; path = DogBreedsApp.app; sourceTree = BUILT_PRODUCTS_DIR; };
		49FDB75D26DE78D600CA2C44 /* AppDelegate.swift */ = {isa = PBXFileReference; lastKnownFileType = sourcecode.swift; path = AppDelegate.swift; sourceTree = "<group>"; };
		49FDB75F26DE78D600CA2C44 /* SceneDelegate.swift */ = {isa = PBXFileReference; lastKnownFileType = sourcecode.swift; path = SceneDelegate.swift; sourceTree = "<group>"; };
		49FDB76626DE78D700CA2C44 /* Assets.xcassets */ = {isa = PBXFileReference; lastKnownFileType = folder.assetcatalog; path = Assets.xcassets; sourceTree = "<group>"; };
		49FDB76926DE78D700CA2C44 /* Base */ = {isa = PBXFileReference; lastKnownFileType = file.storyboard; name = Base; path = Base.lproj/LaunchScreen.storyboard; sourceTree = "<group>"; };
		49FDB76B26DE78D700CA2C44 /* Info.plist */ = {isa = PBXFileReference; lastKnownFileType = text.plist.xml; path = Info.plist; sourceTree = "<group>"; };
		6797451BB9A764A34BADAC56 /* Pods-DogBreedsApp.debug.xcconfig */ = {isa = PBXFileReference; includeInIndex = 1; lastKnownFileType = text.xcconfig; name = "Pods-DogBreedsApp.debug.xcconfig"; path = "Target Support Files/Pods-DogBreedsApp/Pods-DogBreedsApp.debug.xcconfig"; sourceTree = "<group>"; };
		CF3836C36C7CCEA866730371 /* Pods_DogBreedsApp.framework */ = {isa = PBXFileReference; explicitFileType = wrapper.framework; includeInIndex = 0; path = Pods_DogBreedsApp.framework; sourceTree = BUILT_PRODUCTS_DIR; };
		DBA09F360301A47B2AD9CAD4 /* Pods-DogBreedsApp.release.xcconfig */ = {isa = PBXFileReference; includeInIndex = 1; lastKnownFileType = text.xcconfig; name = "Pods-DogBreedsApp.release.xcconfig"; path = "Target Support Files/Pods-DogBreedsApp/Pods-DogBreedsApp.release.xcconfig"; sourceTree = "<group>"; };
/* End PBXFileReference section */

/* Begin PBXFrameworksBuildPhase section */
		49FDB75726DE78D600CA2C44 /* Frameworks */ = {
			isa = PBXFrameworksBuildPhase;
			buildActionMask = 2147483647;
			files = (
				08CB3BD58F3DA60ED4B54D63 /* Pods_DogBreedsApp.framework in Frameworks */,
			);
			runOnlyForDeploymentPostprocessing = 0;
		};
/* End PBXFrameworksBuildPhase section */

/* Begin PBXGroup section */
		49FDB75126DE78D600CA2C44 = {
			isa = PBXGroup;
			children = (
				49FDB75C26DE78D600CA2C44 /* DogBreedsApp */,
				49FDB75B26DE78D600CA2C44 /* Products */,
				EB61AF57B3FFE0E48F181180 /* Pods */,
				67B58996F0442ABC844D993D /* Frameworks */,
			);
			sourceTree = "<group>";
		};
		49FDB75B26DE78D600CA2C44 /* Products */ = {
			isa = PBXGroup;
			children = (
				49FDB75A26DE78D600CA2C44 /* DogBreedsApp.app */,
			);
			name = Products;
			sourceTree = "<group>";
		};
		49FDB75C26DE78D600CA2C44 /* DogBreedsApp */ = {
			isa = PBXGroup;
			children = (
				49FDB75D26DE78D600CA2C44 /* AppDelegate.swift */,
				49FDB75F26DE78D600CA2C44 /* SceneDelegate.swift */,
				49FDB76B26DE78D700CA2C44 /* Info.plist */,
				49FDB77226DE796500CA2C44 /* Modules */,
				49FDB77126DE795F00CA2C44 /* Views */,
				49FDB77526DE7A0800CA2C44 /* Resources */,
				49FDB77426DE798700CA2C44 /* Repository */,
				49FDB77326DE798100CA2C44 /* Services */,
			);
			path = DogBreedsApp;
			sourceTree = "<group>";
		};
		49FDB77126DE795F00CA2C44 /* Views */ = {
			isa = PBXGroup;
			children = (
			);
			path = Views;
			sourceTree = "<group>";
		};
		49FDB77226DE796500CA2C44 /* Modules */ = {
			isa = PBXGroup;
			children = (
			);
			path = Modules;
			sourceTree = "<group>";
		};
		49FDB77326DE798100CA2C44 /* Services */ = {
			isa = PBXGroup;
			children = (
			);
			path = Services;
			sourceTree = "<group>";
		};
		49FDB77426DE798700CA2C44 /* Repository */ = {
			isa = PBXGroup;
			children = (
			);
			path = Repository;
			sourceTree = "<group>";
		};
		49FDB77526DE7A0800CA2C44 /* Resources */ = {
			isa = PBXGroup;
			children = (
				49FDB76826DE78D700CA2C44 /* LaunchScreen.storyboard */,
				49FDB76626DE78D700CA2C44 /* Assets.xcassets */,
			);
			path = Resources;
			sourceTree = "<group>";
		};
		67B58996F0442ABC844D993D /* Frameworks */ = {
			isa = PBXGroup;
			children = (
				CF3836C36C7CCEA866730371 /* Pods_DogBreedsApp.framework */,
			);
			name = Frameworks;
			sourceTree = "<group>";
		};
		EB61AF57B3FFE0E48F181180 /* Pods */ = {
			isa = PBXGroup;
			children = (
				6797451BB9A764A34BADAC56 /* Pods-DogBreedsApp.debug.xcconfig */,
				DBA09F360301A47B2AD9CAD4 /* Pods-DogBreedsApp.release.xcconfig */,
			);
			path = Pods;
			sourceTree = "<group>";
		};
/* End PBXGroup section */

/* Begin PBXNativeTarget section */
		49FDB75926DE78D600CA2C44 /* DogBreedsApp */ = {
			isa = PBXNativeTarget;
			buildConfigurationList = 49FDB76E26DE78D700CA2C44 /* Build configuration list for PBXNativeTarget "DogBreedsApp" */;
			buildPhases = (
				147DE30AB446C91C70FD8B55 /* [CP] Check Pods Manifest.lock */,
				49FDB75626DE78D600CA2C44 /* Sources */,
				49FDB75726DE78D600CA2C44 /* Frameworks */,
				49FDB75826DE78D600CA2C44 /* Resources */,
				C63DB346068E469859D0780C /* [CP] Embed Pods Frameworks */,
			);
			buildRules = (
			);
			dependencies = (
			);
			name = DogBreedsApp;
			productName = DogBreedsApp;
			productReference = 49FDB75A26DE78D600CA2C44 /* DogBreedsApp.app */;
			productType = "com.apple.product-type.application";
		};
/* End PBXNativeTarget section */

/* Begin PBXProject section */
		49FDB75226DE78D600CA2C44 /* Project object */ = {
			isa = PBXProject;
			attributes = {
				LastSwiftUpdateCheck = 1250;
				LastUpgradeCheck = 1250;
				TargetAttributes = {
					49FDB75926DE78D600CA2C44 = {
						CreatedOnToolsVersion = 12.5.1;
					};
				};
			};
			buildConfigurationList = 49FDB75526DE78D600CA2C44 /* Build configuration list for PBXProject "DogBreedsApp" */;
			compatibilityVersion = "Xcode 9.3";
			developmentRegion = en;
			hasScannedForEncodings = 0;
			knownRegions = (
				en,
				Base,
			);
			mainGroup = 49FDB75126DE78D600CA2C44;
			productRefGroup = 49FDB75B26DE78D600CA2C44 /* Products */;
			projectDirPath = "";
			projectRoot = "";
			targets = (
				49FDB75926DE78D600CA2C44 /* DogBreedsApp */,
			);
		};
/* End PBXProject section */

/* Begin PBXResourcesBuildPhase section */
		49FDB75826DE78D600CA2C44 /* Resources */ = {
			isa = PBXResourcesBuildPhase;
			buildActionMask = 2147483647;
			files = (
				49FDB76A26DE78D700CA2C44 /* LaunchScreen.storyboard in Resources */,
				49FDB76726DE78D700CA2C44 /* Assets.xcassets in Resources */,
			);
			runOnlyForDeploymentPostprocessing = 0;
		};
/* End PBXResourcesBuildPhase section */

/* Begin PBXShellScriptBuildPhase section */
		147DE30AB446C91C70FD8B55 /* [CP] Check Pods Manifest.lock */ = {
			isa = PBXShellScriptBuildPhase;
			buildActionMask = 2147483647;
			files = (
			);
			inputFileListPaths = (
			);
			inputPaths = (
				"${PODS_PODFILE_DIR_PATH}/Podfile.lock",
				"${PODS_ROOT}/Manifest.lock",
			);
			name = "[CP] Check Pods Manifest.lock";
			outputFileListPaths = (
			);
			outputPaths = (
				"$(DERIVED_FILE_DIR)/Pods-DogBreedsApp-checkManifestLockResult.txt",
			);
			runOnlyForDeploymentPostprocessing = 0;
			shellPath = /bin/sh;
			shellScript = "diff \"${PODS_PODFILE_DIR_PATH}/Podfile.lock\" \"${PODS_ROOT}/Manifest.lock\" > /dev/null\nif [ $? != 0 ] ; then\n    # print error to STDERR\n    echo \"error: The sandbox is not in sync with the Podfile.lock. Run 'pod install' or update your CocoaPods installation.\" >&2\n    exit 1\nfi\n# This output is used by Xcode 'outputs' to avoid re-running this script phase.\necho \"SUCCESS\" > \"${SCRIPT_OUTPUT_FILE_0}\"\n";
			showEnvVarsInLog = 0;
		};
		C63DB346068E469859D0780C /* [CP] Embed Pods Frameworks */ = {
			isa = PBXShellScriptBuildPhase;
			buildActionMask = 2147483647;
			files = (
			);
			inputFileListPaths = (
				"${PODS_ROOT}/Target Support Files/Pods-DogBreedsApp/Pods-DogBreedsApp-frameworks-${CONFIGURATION}-input-files.xcfilelist",
			);
			name = "[CP] Embed Pods Frameworks";
			outputFileListPaths = (
				"${PODS_ROOT}/Target Support Files/Pods-DogBreedsApp/Pods-DogBreedsApp-frameworks-${CONFIGURATION}-output-files.xcfilelist",
			);
			runOnlyForDeploymentPostprocessing = 0;
			shellPath = /bin/sh;
			shellScript = "\"${PODS_ROOT}/Target Support Files/Pods-DogBreedsApp/Pods-DogBreedsApp-frameworks.sh\"\n";
			showEnvVarsInLog = 0;
		};
/* End PBXShellScriptBuildPhase section */

/* Begin PBXSourcesBuildPhase section */
		49FDB75626DE78D600CA2C44 /* Sources */ = {
			isa = PBXSourcesBuildPhase;
			buildActionMask = 2147483647;
			files = (
				49FDB75E26DE78D600CA2C44 /* AppDelegate.swift in Sources */,
				49FDB76026DE78D600CA2C44 /* SceneDelegate.swift in Sources */,
			);
			runOnlyForDeploymentPostprocessing = 0;
		};
/* End PBXSourcesBuildPhase section */

/* Begin PBXVariantGroup section */
		49FDB76826DE78D700CA2C44 /* LaunchScreen.storyboard */ = {
			isa = PBXVariantGroup;
			children = (
				49FDB76926DE78D700CA2C44 /* Base */,
			);
			name = LaunchScreen.storyboard;
			sourceTree = "<group>";
		};
/* End PBXVariantGroup section */

/* Begin XCBuildConfiguration section */
		49FDB76C26DE78D700CA2C44 /* Debug */ = {
			isa = XCBuildConfiguration;
			buildSettings = {
				ALWAYS_SEARCH_USER_PATHS = NO;
				CLANG_ANALYZER_NONNULL = YES;
				CLANG_ANALYZER_NUMBER_OBJECT_CONVERSION = YES_AGGRESSIVE;
				CLANG_CXX_LANGUAGE_STANDARD = "gnu++14";
				CLANG_CXX_LIBRARY = "libc++";
				CLANG_ENABLE_MODULES = YES;
				CLANG_ENABLE_OBJC_ARC = YES;
				CLANG_ENABLE_OBJC_WEAK = YES;
				CLANG_WARN_BLOCK_CAPTURE_AUTORELEASING = YES;
				CLANG_WARN_BOOL_CONVERSION = YES;
				CLANG_WARN_COMMA = YES;
				CLANG_WARN_CONSTANT_CONVERSION = YES;
				CLANG_WARN_DEPRECATED_OBJC_IMPLEMENTATIONS = YES;
				CLANG_WARN_DIRECT_OBJC_ISA_USAGE = YES_ERROR;
				CLANG_WARN_DOCUMENTATION_COMMENTS = YES;
				CLANG_WARN_EMPTY_BODY = YES;
				CLANG_WARN_ENUM_CONVERSION = YES;
				CLANG_WARN_INFINITE_RECURSION = YES;
				CLANG_WARN_INT_CONVERSION = YES;
				CLANG_WARN_NON_LITERAL_NULL_CONVERSION = YES;
				CLANG_WARN_OBJC_IMPLICIT_RETAIN_SELF = YES;
				CLANG_WARN_OBJC_LITERAL_CONVERSION = YES;
				CLANG_WARN_OBJC_ROOT_CLASS = YES_ERROR;
				CLANG_WARN_QUOTED_INCLUDE_IN_FRAMEWORK_HEADER = YES;
				CLANG_WARN_RANGE_LOOP_ANALYSIS = YES;
				CLANG_WARN_STRICT_PROTOTYPES = YES;
				CLANG_WARN_SUSPICIOUS_MOVE = YES;
				CLANG_WARN_UNGUARDED_AVAILABILITY = YES_AGGRESSIVE;
				CLANG_WARN_UNREACHABLE_CODE = YES;
				CLANG_WARN__DUPLICATE_METHOD_MATCH = YES;
				COPY_PHASE_STRIP = NO;
				DEBUG_INFORMATION_FORMAT = dwarf;
				ENABLE_STRICT_OBJC_MSGSEND = YES;
				ENABLE_TESTABILITY = YES;
				GCC_C_LANGUAGE_STANDARD = gnu11;
				GCC_DYNAMIC_NO_PIC = NO;
				GCC_NO_COMMON_BLOCKS = YES;
				GCC_OPTIMIZATION_LEVEL = 0;
				GCC_PREPROCESSOR_DEFINITIONS = (
					"DEBUG=1",
					"$(inherited)",
				);
				GCC_WARN_64_TO_32_BIT_CONVERSION = YES;
				GCC_WARN_ABOUT_RETURN_TYPE = YES_ERROR;
				GCC_WARN_UNDECLARED_SELECTOR = YES;
				GCC_WARN_UNINITIALIZED_AUTOS = YES_AGGRESSIVE;
				GCC_WARN_UNUSED_FUNCTION = YES;
				GCC_WARN_UNUSED_VARIABLE = YES;
				IPHONEOS_DEPLOYMENT_TARGET = 14.5;
				MTL_ENABLE_DEBUG_INFO = INCLUDE_SOURCE;
				MTL_FAST_MATH = YES;
				ONLY_ACTIVE_ARCH = YES;
				SDKROOT = iphoneos;
				SWIFT_ACTIVE_COMPILATION_CONDITIONS = DEBUG;
				SWIFT_OPTIMIZATION_LEVEL = "-Onone";
			};
			name = Debug;
		};
		49FDB76D26DE78D700CA2C44 /* Release */ = {
			isa = XCBuildConfiguration;
			buildSettings = {
				ALWAYS_SEARCH_USER_PATHS = NO;
				CLANG_ANALYZER_NONNULL = YES;
				CLANG_ANALYZER_NUMBER_OBJECT_CONVERSION = YES_AGGRESSIVE;
				CLANG_CXX_LANGUAGE_STANDARD = "gnu++14";
				CLANG_CXX_LIBRARY = "libc++";
				CLANG_ENABLE_MODULES = YES;
				CLANG_ENABLE_OBJC_ARC = YES;
				CLANG_ENABLE_OBJC_WEAK = YES;
				CLANG_WARN_BLOCK_CAPTURE_AUTORELEASING = YES;
				CLANG_WARN_BOOL_CONVERSION = YES;
				CLANG_WARN_COMMA = YES;
				CLANG_WARN_CONSTANT_CONVERSION = YES;
				CLANG_WARN_DEPRECATED_OBJC_IMPLEMENTATIONS = YES;
				CLANG_WARN_DIRECT_OBJC_ISA_USAGE = YES_ERROR;
				CLANG_WARN_DOCUMENTATION_COMMENTS = YES;
				CLANG_WARN_EMPTY_BODY = YES;
				CLANG_WARN_ENUM_CONVERSION = YES;
				CLANG_WARN_INFINITE_RECURSION = YES;
				CLANG_WARN_INT_CONVERSION = YES;
				CLANG_WARN_NON_LITERAL_NULL_CONVERSION = YES;
				CLANG_WARN_OBJC_IMPLICIT_RETAIN_SELF = YES;
				CLANG_WARN_OBJC_LITERAL_CONVERSION = YES;
				CLANG_WARN_OBJC_ROOT_CLASS = YES_ERROR;
				CLANG_WARN_QUOTED_INCLUDE_IN_FRAMEWORK_HEADER = YES;
				CLANG_WARN_RANGE_LOOP_ANALYSIS = YES;
				CLANG_WARN_STRICT_PROTOTYPES = YES;
				CLANG_WARN_SUSPICIOUS_MOVE = YES;
				CLANG_WARN_UNGUARDED_AVAILABILITY = YES_AGGRESSIVE;
				CLANG_WARN_UNREACHABLE_CODE = YES;
				CLANG_WARN__DUPLICATE_METHOD_MATCH = YES;
				COPY_PHASE_STRIP = NO;
				DEBUG_INFORMATION_FORMAT = "dwarf-with-dsym";
				ENABLE_NS_ASSERTIONS = NO;
				ENABLE_STRICT_OBJC_MSGSEND = YES;
				GCC_C_LANGUAGE_STANDARD = gnu11;
				GCC_NO_COMMON_BLOCKS = YES;
				GCC_WARN_64_TO_32_BIT_CONVERSION = YES;
				GCC_WARN_ABOUT_RETURN_TYPE = YES_ERROR;
				GCC_WARN_UNDECLARED_SELECTOR = YES;
				GCC_WARN_UNINITIALIZED_AUTOS = YES_AGGRESSIVE;
				GCC_WARN_UNUSED_FUNCTION = YES;
				GCC_WARN_UNUSED_VARIABLE = YES;
				IPHONEOS_DEPLOYMENT_TARGET = 14.5;
				MTL_ENABLE_DEBUG_INFO = NO;
				MTL_FAST_MATH = YES;
				SDKROOT = iphoneos;
				SWIFT_COMPILATION_MODE = wholemodule;
				SWIFT_OPTIMIZATION_LEVEL = "-O";
				VALIDATE_PRODUCT = YES;
			};
			name = Release;
		};
		49FDB76F26DE78D700CA2C44 /* Debug */ = {
			isa = XCBuildConfiguration;
			baseConfigurationReference = 6797451BB9A764A34BADAC56 /* Pods-DogBreedsApp.debug.xcconfig */;
			buildSettings = {
				ASSETCATALOG_COMPILER_APPICON_NAME = AppIcon;
				ASSETCATALOG_COMPILER_GLOBAL_ACCENT_COLOR_NAME = AccentColor;
				CODE_SIGN_STYLE = Automatic;
				DEVELOPMENT_TEAM = BK463G8GP3;
				INFOPLIST_FILE = DogBreedsApp/Info.plist;
				LD_RUNPATH_SEARCH_PATHS = (
					"$(inherited)",
					"@executable_path/Frameworks",
				);
				PRODUCT_BUNDLE_IDENTIFIER = com.andriyzaec.DogBreedsApp;
				PRODUCT_NAME = "$(TARGET_NAME)";
				SWIFT_VERSION = 5.0;
				TARGETED_DEVICE_FAMILY = "1,2";
			};
			name = Debug;
		};
		49FDB77026DE78D700CA2C44 /* Release */ = {
			isa = XCBuildConfiguration;
			baseConfigurationReference = DBA09F360301A47B2AD9CAD4 /* Pods-DogBreedsApp.release.xcconfig */;
			buildSettings = {
				ASSETCATALOG_COMPILER_APPICON_NAME = AppIcon;
				ASSETCATALOG_COMPILER_GLOBAL_ACCENT_COLOR_NAME = AccentColor;
				CODE_SIGN_STYLE = Automatic;
				DEVELOPMENT_TEAM = BK463G8GP3;
				INFOPLIST_FILE = DogBreedsApp/Info.plist;
				LD_RUNPATH_SEARCH_PATHS = (
					"$(inherited)",
					"@executable_path/Frameworks",
				);
				PRODUCT_BUNDLE_IDENTIFIER = com.andriyzaec.DogBreedsApp;
				PRODUCT_NAME = "$(TARGET_NAME)";
				SWIFT_VERSION = 5.0;
				TARGETED_DEVICE_FAMILY = "1,2";
			};
			name = Release;
		};
/* End XCBuildConfiguration section */

/* Begin XCConfigurationList section */
		49FDB75526DE78D600CA2C44 /* Build configuration list for PBXProject "DogBreedsApp" */ = {
			isa = XCConfigurationList;
			buildConfigurations = (
				49FDB76C26DE78D700CA2C44 /* Debug */,
				49FDB76D26DE78D700CA2C44 /* Release */,
			);
			defaultConfigurationIsVisible = 0;
			defaultConfigurationName = Release;
		};
		49FDB76E26DE78D700CA2C44 /* Build configuration list for PBXNativeTarget "DogBreedsApp" */ = {
			isa = XCConfigurationList;
			buildConfigurations = (
				49FDB76F26DE78D700CA2C44 /* Debug */,
				49FDB77026DE78D700CA2C44 /* Release */,
			);
			defaultConfigurationIsVisible = 0;
			defaultConfigurationName = Release;
		};
/* End XCConfigurationList section */
	};
	rootObject = 49FDB75226DE78D600CA2C44 /* Project object */;
}
